
Microsoft Visual Studio Solution File, Format Version 12.00
# Visual Studio Version 17
VisualStudioVersion = 17.0.31903.59
MinimumVisualStudioVersion = 10.0.40219.1
Project("{FAE04EC0-301F-11D3-BF4B-00C04F79EFBC}") = "MD5", "MD5\MD5.csproj", "{B6BA3C06-496C-45A3-A31F-6F25B639429F}"
EndProject
Project("{FAE04EC0-301F-11D3-BF4B-00C04F79EFBC}") = "CheckSum.Tests", "CheckSum.Tests\CheckSum.Tests.csproj", "{BA9BD5C7-4991-4A96-85DA-3FE11E30E75E}"
EndProject
Global
	GlobalSection(SolutionConfigurationPlatforms) = preSolution
		Debug|Any CPU = Debug|Any CPU
		Release|Any CPU = Release|Any CPU
	EndGlobalSection
	GlobalSection(SolutionProperties) = preSolution
		HideSolutionNode = FALSE
	EndGlobalSection
	GlobalSection(ProjectConfigurationPlatforms) = postSolution
		{B6BA3C06-496C-45A3-A31F-6F25B639429F}.Debug|Any CPU.ActiveCfg = Debug|Any CPU
		{B6BA3C06-496C-45A3-A31F-6F25B639429F}.Debug|Any CPU.Build.0 = Debug|Any CPU
		{B6BA3C06-496C-45A3-A31F-6F25B639429F}.Release|Any CPU.ActiveCfg = Release|Any CPU
		{B6BA3C06-496C-45A3-A31F-6F25B639429F}.Release|Any CPU.Build.0 = Release|Any CPU
		{BA9BD5C7-4991-4A96-85DA-3FE11E30E75E}.Debug|Any CPU.ActiveCfg = Debug|Any CPU
		{BA9BD5C7-4991-4A96-85DA-3FE11E30E75E}.Debug|Any CPU.Build.0 = Debug|Any CPU
		{BA9BD5C7-4991-4A96-85DA-3FE11E30E75E}.Release|Any CPU.ActiveCfg = Release|Any CPU
		{BA9BD5C7-4991-4A96-85DA-3FE11E30E75E}.Release|Any CPU.Build.0 = Release|Any CPU
	EndGlobalSection
EndGlobal
