
Microsoft Visual Studio Solution File, Format Version 12.00
# Visual Studio Version 17
VisualStudioVersion = 17.0.31903.59
MinimumVisualStudioVersion = 10.0.40219.1
Project("{FAE04EC0-301F-11D3-BF4B-00C04F79EFBC}") = "MyNUnit", "MyNUnit\MyNUnit.csproj", "{9DF872AD-7CF3-4ACB-9FF7-A826BFFD8093}"
EndProject
Project("{FAE04EC0-301F-11D3-BF4B-00C04F79EFBC}") = "MyNUnit.Tests", "MyNUnit.Tests\MyNUnit.Tests.csproj", "{69A1D141-AE8F-44BB-98FC-EA19BCD19344}"
EndProject
Project("{2150E333-8FDC-42A3-9474-1A3956D46DE8}") = "MyNUnit.Tests", "MyNUnit.Tests", "{30210C69-84C1-413B-AA81-5EF11D18B38C}"
EndProject
Project("{FAE04EC0-301F-11D3-BF4B-00C04F79EFBC}") = "TestFiles", "MyNUnit.Tests\TestFiles\TestFiles.csproj", "{8081BFC7-4329-49EA-9116-59FC10C7EECC}"
EndProject
Global
	GlobalSection(SolutionConfigurationPlatforms) = preSolution
		Debug|Any CPU = Debug|Any CPU
		Release|Any CPU = Release|Any CPU
	EndGlobalSection
	GlobalSection(ProjectConfigurationPlatforms) = postSolution
		{9DF872AD-7CF3-4ACB-9FF7-A826BFFD8093}.Debug|Any CPU.ActiveCfg = Debug|Any CPU
		{9DF872AD-7CF3-4ACB-9FF7-A826BFFD8093}.Debug|Any CPU.Build.0 = Debug|Any CPU
		{9DF872AD-7CF3-4ACB-9FF7-A826BFFD8093}.Release|Any CPU.ActiveCfg = Release|Any CPU
		{9DF872AD-7CF3-4ACB-9FF7-A826BFFD8093}.Release|Any CPU.Build.0 = Release|Any CPU
		{69A1D141-AE8F-44BB-98FC-EA19BCD19344}.Debug|Any CPU.ActiveCfg = Debug|Any CPU
		{69A1D141-AE8F-44BB-98FC-EA19BCD19344}.Debug|Any CPU.Build.0 = Debug|Any CPU
		{69A1D141-AE8F-44BB-98FC-EA19BCD19344}.Release|Any CPU.ActiveCfg = Release|Any CPU
		{69A1D141-AE8F-44BB-98FC-EA19BCD19344}.Release|Any CPU.Build.0 = Release|Any CPU
		{8081BFC7-4329-49EA-9116-59FC10C7EECC}.Debug|Any CPU.ActiveCfg = Debug|Any CPU
		{8081BFC7-4329-49EA-9116-59FC10C7EECC}.Debug|Any CPU.Build.0 = Debug|Any CPU
		{8081BFC7-4329-49EA-9116-59FC10C7EECC}.Release|Any CPU.ActiveCfg = Release|Any CPU
		{8081BFC7-4329-49EA-9116-59FC10C7EECC}.Release|Any CPU.Build.0 = Release|Any CPU
	EndGlobalSection
	GlobalSection(SolutionProperties) = preSolution
		HideSolutionNode = FALSE
	EndGlobalSection
	GlobalSection(NestedProjects) = preSolution
		{69A1D141-AE8F-44BB-98FC-EA19BCD19344} = {30210C69-84C1-413B-AA81-5EF11D18B38C}
		{8081BFC7-4329-49EA-9116-59FC10C7EECC} = {30210C69-84C1-413B-AA81-5EF11D18B38C}
	EndGlobalSection
EndGlobal
